
Microsoft Visual Studio Solution File, Format Version 12.00
# Visual Studio 15
VisualStudioVersion = 15.0.28010.2036
MinimumVisualStudioVersion = 10.0.40219.1
Project("{8BC9CEB8-8B4A-11D0-8D11-00A0C91BC942}") = "WootOSC", "WootOSC\WootOSC.vcxproj", "{AA288858-5973-4D26-BD77-11F3BD9FDF71}"
EndProject
Project("{8BC9CEB8-8B4A-11D0-8D11-00A0C91BC942}") = "wooting-analog-sdk", "..\wooting-analog-sdk\windows\wooting-analog-sdk.vcxproj", "{9E295A49-A17F-4603-9134-897596DFF8AF}"
EndProject
Project("{8BC9CEB8-8B4A-11D0-8D11-00A0C91BC942}") = "wooting-rgb-sdk", "..\wooting-rgb-sdk\windows\wooting-rgb-sdk.vcxproj", "{6C6DB7E9-2FAC-4D27-A2B4-1BFA6FC7CF0A}"
EndProject
Global
	GlobalSection(SolutionConfigurationPlatforms) = preSolution
		Debug|x64 = Debug|x64
		Debug|x86 = Debug|x86
		Release|x64 = Release|x64
		Release|x86 = Release|x86
	EndGlobalSection
	GlobalSection(ProjectConfigurationPlatforms) = postSolution
		{AA288858-5973-4D26-BD77-11F3BD9FDF71}.Debug|x64.ActiveCfg = Debug|x64
		{AA288858-5973-4D26-BD77-11F3BD9FDF71}.Debug|x64.Build.0 = Debug|x64
		{AA288858-5973-4D26-BD77-11F3BD9FDF71}.Debug|x86.ActiveCfg = Debug|Win32
		{AA288858-5973-4D26-BD77-11F3BD9FDF71}.Debug|x86.Build.0 = Debug|Win32
		{AA288858-5973-4D26-BD77-11F3BD9FDF71}.Release|x64.ActiveCfg = Release|x64
		{AA288858-5973-4D26-BD77-11F3BD9FDF71}.Release|x64.Build.0 = Release|x64
		{AA288858-5973-4D26-BD77-11F3BD9FDF71}.Release|x86.ActiveCfg = Release|Win32
		{AA288858-5973-4D26-BD77-11F3BD9FDF71}.Release|x86.Build.0 = Release|Win32
		{9E295A49-A17F-4603-9134-897596DFF8AF}.Debug|x64.ActiveCfg = Debug|x64
		{9E295A49-A17F-4603-9134-897596DFF8AF}.Debug|x64.Build.0 = Debug|x64
		{9E295A49-A17F-4603-9134-897596DFF8AF}.Debug|x86.ActiveCfg = Debug|Win32
		{9E295A49-A17F-4603-9134-897596DFF8AF}.Debug|x86.Build.0 = Debug|Win32
		{9E295A49-A17F-4603-9134-897596DFF8AF}.Release|x64.ActiveCfg = Release|x64
		{9E295A49-A17F-4603-9134-897596DFF8AF}.Release|x64.Build.0 = Release|x64
		{9E295A49-A17F-4603-9134-897596DFF8AF}.Release|x86.ActiveCfg = Release|Win32
		{9E295A49-A17F-4603-9134-897596DFF8AF}.Release|x86.Build.0 = Release|Win32
		{6C6DB7E9-2FAC-4D27-A2B4-1BFA6FC7CF0A}.Debug|x64.ActiveCfg = Debug|x64
		{6C6DB7E9-2FAC-4D27-A2B4-1BFA6FC7CF0A}.Debug|x64.Build.0 = Debug|x64
		{6C6DB7E9-2FAC-4D27-A2B4-1BFA6FC7CF0A}.Debug|x86.ActiveCfg = Debug|Win32
		{6C6DB7E9-2FAC-4D27-A2B4-1BFA6FC7CF0A}.Debug|x86.Build.0 = Debug|Win32
		{6C6DB7E9-2FAC-4D27-A2B4-1BFA6FC7CF0A}.Release|x64.ActiveCfg = Release|x64
		{6C6DB7E9-2FAC-4D27-A2B4-1BFA6FC7CF0A}.Release|x64.Build.0 = Release|x64
		{6C6DB7E9-2FAC-4D27-A2B4-1BFA6FC7CF0A}.Release|x86.ActiveCfg = Release|Win32
		{6C6DB7E9-2FAC-4D27-A2B4-1BFA6FC7CF0A}.Release|x86.Build.0 = Release|Win32
	EndGlobalSection
	GlobalSection(SolutionProperties) = preSolution
		HideSolutionNode = FALSE
	EndGlobalSection
	GlobalSection(ExtensibilityGlobals) = postSolution
		SolutionGuid = {E13DEDA1-5CB4-4CD0-AE29-B81D69B41AA9}
	EndGlobalSection
EndGlobal
